// !$*UTF8*$!
{
	archiveVersion = 1;
	classes = {
	};
	objectVersion = 46;
	objects = {

/* Begin PBXBuildFile section */
		7F09A97C1B0C8DD60036BDB7 /* home_nav_searchBg@2x.png in Resources */ = {isa = PBXBuildFile; fileRef = 7F09A97A1B0C8DD60036BDB7 /* home_nav_searchBg@2x.png */; };
		7F09A97D1B0C8DD60036BDB7 /* home_nav_searchBg@3x.png in Resources */ = {isa = PBXBuildFile; fileRef = 7F09A97B1B0C8DD60036BDB7 /* home_nav_searchBg@3x.png */; };
		7F09A98E1B0C9D8F0036BDB7 /* ControllerBase.m in Sources */ = {isa = PBXBuildFile; fileRef = 7F09A98D1B0C9D8F0036BDB7 /* ControllerBase.m */; };
		7F09A9921B0CA0B50036BDB7 /* ViewWebSiteButton.m in Sources */ = {isa = PBXBuildFile; fileRef = 7F09A9911B0CA0B50036BDB7 /* ViewWebSiteButton.m */; };
		7F5572211B0D7BA600B0CE8F /* baidumobadsdk.bundle in Resources */ = {isa = PBXBuildFile; fileRef = 7F5571F01B0D7BA600B0CE8F /* baidumobadsdk.bundle */; };
		7F5572221B0D7BA600B0CE8F /* libBaiduMobAdSdk64bit.a in Frameworks */ = {isa = PBXBuildFile; fileRef = 7F5571F41B0D7BA600B0CE8F /* libBaiduMobAdSdk64bit.a */; };
		7F5572231B0D7BA600B0CE8F /* mongoose.c in Sources */ = {isa = PBXBuildFile; fileRef = 7F5571F61B0D7BA600B0CE8F /* mongoose.c */; };
		7F5572371B0D7EC700B0CE8F /* QuartzCore.framework in Frameworks */ = {isa = PBXBuildFile; fileRef = 7F5572361B0D7EC700B0CE8F /* QuartzCore.framework */; };
		7F5572391B0D7ED100B0CE8F /* AdSupport.framework in Frameworks */ = {isa = PBXBuildFile; fileRef = 7F5572381B0D7ED100B0CE8F /* AdSupport.framework */; };
		7F55723B1B0D7EDB00B0CE8F /* StoreKit.framework in Frameworks */ = {isa = PBXBuildFile; fileRef = 7F55723A1B0D7EDB00B0CE8F /* StoreKit.framework */; };
		7F55723D1B0D7EE200B0CE8F /* libz.dylib in Frameworks */ = {isa = PBXBuildFile; fileRef = 7F55723C1B0D7EE200B0CE8F /* libz.dylib */; };
		7F55723F1B0D7EEA00B0CE8F /* AudioToolbox.framework in Frameworks */ = {isa = PBXBuildFile; fileRef = 7F55723E1B0D7EEA00B0CE8F /* AudioToolbox.framework */; };
		7F5572411B0D7EF800B0CE8F /* CoreMotion.framework in Frameworks */ = {isa = PBXBuildFile; fileRef = 7F5572401B0D7EF800B0CE8F /* CoreMotion.framework */; };
		7F5572431B0D7F0500B0CE8F /* MediaPlayer.framework in Frameworks */ = {isa = PBXBuildFile; fileRef = 7F5572421B0D7F0500B0CE8F /* MediaPlayer.framework */; };
		7F5572451B0D7F1000B0CE8F /* AVFoundation.framework in Frameworks */ = {isa = PBXBuildFile; fileRef = 7F5572441B0D7F1000B0CE8F /* AVFoundation.framework */; };
		7F5572471B0D7F2C00B0CE8F /* MessageUI.framework in Frameworks */ = {isa = PBXBuildFile; fileRef = 7F5572461B0D7F2C00B0CE8F /* MessageUI.framework */; };
		7F5572491B0D7F3A00B0CE8F /* CoreLocation.framework in Frameworks */ = {isa = PBXBuildFile; fileRef = 7F5572481B0D7F3A00B0CE8F /* CoreLocation.framework */; };
		7F55724B1B0D7F4400B0CE8F /* libstdc++.dylib in Frameworks */ = {isa = PBXBuildFile; fileRef = 7F55724A1B0D7F4400B0CE8F /* libstdc++.dylib */; };
		7F55724D1B0D7F4F00B0CE8F /* CoreTelephony.framework in Frameworks */ = {isa = PBXBuildFile; fileRef = 7F55724C1B0D7F4F00B0CE8F /* CoreTelephony.framework */; };
		7F55724F1B0D7F5A00B0CE8F /* UIKit.framework in Frameworks */ = {isa = PBXBuildFile; fileRef = 7F55724E1B0D7F5A00B0CE8F /* UIKit.framework */; };
		7F5572521B10236500B0CE8F /* ViewHomeSection.m in Sources */ = {isa = PBXBuildFile; fileRef = 7F5572511B10236500B0CE8F /* ViewHomeSection.m */; };
		7F55725D1B1067B700B0CE8F /* home_image_baike@2x.png in Resources */ = {isa = PBXBuildFile; fileRef = 7F5572531B1067B700B0CE8F /* home_image_baike@2x.png */; };
		7F55725E1B1067B700B0CE8F /* home_image_baike@3x.png in Resources */ = {isa = PBXBuildFile; fileRef = 7F5572541B1067B700B0CE8F /* home_image_baike@3x.png */; };
		7F55725F1B1067B700B0CE8F /* home_image_cool@2x.png in Resources */ = {isa = PBXBuildFile; fileRef = 7F5572551B1067B700B0CE8F /* home_image_cool@2x.png */; };
		7F5572601B1067B700B0CE8F /* home_image_cool@3x.png in Resources */ = {isa = PBXBuildFile; fileRef = 7F5572561B1067B700B0CE8F /* home_image_cool@3x.png */; };
		7F5572611B1067B700B0CE8F /* home_image_movie@2x.png in Resources */ = {isa = PBXBuildFile; fileRef = 7F5572571B1067B700B0CE8F /* home_image_movie@2x.png */; };
		7F5572621B1067B700B0CE8F /* home_image_movie@3x.png in Resources */ = {isa = PBXBuildFile; fileRef = 7F5572581B1067B700B0CE8F /* home_image_movie@3x.png */; };
		7F5572631B1067B700B0CE8F /* home_image_now@2x.png in Resources */ = {isa = PBXBuildFile; fileRef = 7F5572591B1067B700B0CE8F /* home_image_now@2x.png */; };
		7F5572641B1067B700B0CE8F /* home_image_now@3x.png in Resources */ = {isa = PBXBuildFile; fileRef = 7F55725A1B1067B700B0CE8F /* home_image_now@3x.png */; };
		7F5572651B1067B700B0CE8F /* home_image_sevice@2x.png in Resources */ = {isa = PBXBuildFile; fileRef = 7F55725B1B1067B700B0CE8F /* home_image_sevice@2x.png */; };
		7F5572661B1067B700B0CE8F /* home_image_sevice@3x.png in Resources */ = {isa = PBXBuildFile; fileRef = 7F55725C1B1067B700B0CE8F /* home_image_sevice@3x.png */; };
		7F55726B1B10788800B0CE8F /* home_webSite_down@2x.png in Resources */ = {isa = PBXBuildFile; fileRef = 7F5572671B10788800B0CE8F /* home_webSite_down@2x.png */; };
		7F55726C1B10788800B0CE8F /* home_webSite_down@3x.png in Resources */ = {isa = PBXBuildFile; fileRef = 7F5572681B10788800B0CE8F /* home_webSite_down@3x.png */; };
		7F55726D1B10788800B0CE8F /* home_webSite_right@2x.png in Resources */ = {isa = PBXBuildFile; fileRef = 7F5572691B10788800B0CE8F /* home_webSite_right@2x.png */; };
		7F55726E1B10788800B0CE8F /* home_webSite_right@3x.png in Resources */ = {isa = PBXBuildFile; fileRef = 7F55726A1B10788800B0CE8F /* home_webSite_right@3x.png */; };
		7F5572791B10884A00B0CE8F /* home_bottom_forward@2x.png in Resources */ = {isa = PBXBuildFile; fileRef = 7F55726F1B10884A00B0CE8F /* home_bottom_forward@2x.png */; };
		7F55727A1B10884A00B0CE8F /* home_bottom_forward@3x.png in Resources */ = {isa = PBXBuildFile; fileRef = 7F5572701B10884A00B0CE8F /* home_bottom_forward@3x.png */; };
		7F55727B1B10884A00B0CE8F /* home_button_back@2x.png in Resources */ = {isa = PBXBuildFile; fileRef = 7F5572711B10884A00B0CE8F /* home_button_back@2x.png */; };
		7F55727C1B10884A00B0CE8F /* home_button_back@3x.png in Resources */ = {isa = PBXBuildFile; fileRef = 7F5572721B10884A00B0CE8F /* home_button_back@3x.png */; };
		7F55727D1B10884A00B0CE8F /* home_button_home@2x.png in Resources */ = {isa = PBXBuildFile; fileRef = 7F5572731B10884A00B0CE8F /* home_button_home@2x.png */; };
		7F55727E1B10884A00B0CE8F /* home_button_home@3x.png in Resources */ = {isa = PBXBuildFile; fileRef = 7F5572741B10884A00B0CE8F /* home_button_home@3x.png */; };
		7F55727F1B10884A00B0CE8F /* home_button_moreMark@2x.png in Resources */ = {isa = PBXBuildFile; fileRef = 7F5572751B10884A00B0CE8F /* home_button_moreMark@2x.png */; };
		7F5572801B10884A00B0CE8F /* home_button_moreMark@3x.png in Resources */ = {isa = PBXBuildFile; fileRef = 7F5572761B10884A00B0CE8F /* home_button_moreMark@3x.png */; };
		7F5572811B10884A00B0CE8F /* home_button_setting@2x.png in Resources */ = {isa = PBXBuildFile; fileRef = 7F5572771B10884A00B0CE8F /* home_button_setting@2x.png */; };
		7F5572821B10884A00B0CE8F /* home_button_setting@3x.png in Resources */ = {isa = PBXBuildFile; fileRef = 7F5572781B10884A00B0CE8F /* home_button_setting@3x.png */; };
		7F91D5301B0C81640087080D /* home_nav_bg@2x.png in Resources */ = {isa = PBXBuildFile; fileRef = 7F91D5131B0C81640087080D /* home_nav_bg@2x.png */; };
		7F91D5311B0C81640087080D /* home_nav_bg@3x.png in Resources */ = {isa = PBXBuildFile; fileRef = 7F91D5141B0C81640087080D /* home_nav_bg@3x.png */; };
		7F91D5321B0C81640087080D /* home_nav_search_default@2x.png in Resources */ = {isa = PBXBuildFile; fileRef = 7F91D5151B0C81640087080D /* home_nav_search_default@2x.png */; };
		7F91D5331B0C81640087080D /* home_nav_search_default@3x.png in Resources */ = {isa = PBXBuildFile; fileRef = 7F91D5161B0C81640087080D /* home_nav_search_default@3x.png */; };
		7F91D5341B0C81640087080D /* home_nav_search_pressed@2x.png in Resources */ = {isa = PBXBuildFile; fileRef = 7F91D5171B0C81640087080D /* home_nav_search_pressed@2x.png */; };
		7F91D5351B0C81640087080D /* home_nav_search_pressed@3x.png in Resources */ = {isa = PBXBuildFile; fileRef = 7F91D5181B0C81640087080D /* home_nav_search_pressed@3x.png */; };
		7F91D5361B0C81640087080D /* home_nav_twoCode_default@2x.png in Resources */ = {isa = PBXBuildFile; fileRef = 7F91D5191B0C81640087080D /* home_nav_twoCode_default@2x.png */; };
		7F91D5371B0C81640087080D /* home_nav_twoCode_default@3x.png in Resources */ = {isa = PBXBuildFile; fileRef = 7F91D51A1B0C81640087080D /* home_nav_twoCode_default@3x.png */; };
		7F91D5381B0C81640087080D /* home_nav_twoCode_pressed@2x.png in Resources */ = {isa = PBXBuildFile; fileRef = 7F91D51B1B0C81640087080D /* home_nav_twoCode_pressed@2x.png */; };
		7F91D5391B0C81640087080D /* home_nav_twoCode_pressed@3x.png in Resources */ = {isa = PBXBuildFile; fileRef = 7F91D51C1B0C81640087080D /* home_nav_twoCode_pressed@3x.png */; };
		7F91D53A1B0C81640087080D /* home_webSite_amazon@2x.png in Resources */ = {isa = PBXBuildFile; fileRef = 7F91D51D1B0C81640087080D /* home_webSite_amazon@2x.png */; };
		7F91D53B1B0C81640087080D /* home_webSite_amazon@3x.png in Resources */ = {isa = PBXBuildFile; fileRef = 7F91D51E1B0C81640087080D /* home_webSite_amazon@3x.png */; };
		7F91D53C1B0C81640087080D /* home_webSite_baidu@2x.png in Resources */ = {isa = PBXBuildFile; fileRef = 7F91D51F1B0C81640087080D /* home_webSite_baidu@2x.png */; };
		7F91D53D1B0C81640087080D /* home_webSite_baidu@3x.png in Resources */ = {isa = PBXBuildFile; fileRef = 7F91D5201B0C81640087080D /* home_webSite_baidu@3x.png */; };
		7F91D53E1B0C81640087080D /* home_webSite_ctrip@2x.png in Resources */ = {isa = PBXBuildFile; fileRef = 7F91D5211B0C81640087080D /* home_webSite_ctrip@2x.png */; };
		7F91D53F1B0C81640087080D /* home_webSite_ctrip@3x.png in Resources */ = {isa = PBXBuildFile; fileRef = 7F91D5221B0C81640087080D /* home_webSite_ctrip@3x.png */; };
		7F91D5401B0C81640087080D /* home_webSite_jd@2x.png in Resources */ = {isa = PBXBuildFile; fileRef = 7F91D5231B0C81640087080D /* home_webSite_jd@2x.png */; };
		7F91D5411B0C81640087080D /* home_webSite_jd@3x.png in Resources */ = {isa = PBXBuildFile; fileRef = 7F91D5241B0C81640087080D /* home_webSite_jd@3x.png */; };
		7F91D5421B0C81640087080D /* home_webSite_jianshu@2x.png in Resources */ = {isa = PBXBuildFile; fileRef = 7F91D5251B0C81640087080D /* home_webSite_jianshu@2x.png */; };
		7F91D5431B0C81640087080D /* home_webSite_jianshu@3x.png in Resources */ = {isa = PBXBuildFile; fileRef = 7F91D5261B0C81640087080D /* home_webSite_jianshu@3x.png */; };
		7F91D5441B0C81640087080D /* home_webSite_tmall@2x.png in Resources */ = {isa = PBXBuildFile; fileRef = 7F91D5271B0C81640087080D /* home_webSite_tmall@2x.png */; };
		7F91D5451B0C81640087080D /* home_webSite_tmall@3x.png in Resources */ = {isa = PBXBuildFile; fileRef = 7F91D5281B0C81640087080D /* home_webSite_tmall@3x.png */; };
		7F91D5461B0C81640087080D /* home_webSite_toutiao@2x.png in Resources */ = {isa = PBXBuildFile; fileRef = 7F91D5291B0C81640087080D /* home_webSite_toutiao@2x.png */; };
		7F91D5471B0C81640087080D /* home_webSite_toutiao@3x.png in Resources */ = {isa = PBXBuildFile; fileRef = 7F91D52A1B0C81640087080D /* home_webSite_toutiao@3x.png */; };
		7F91D5481B0C81640087080D /* home_webSite_weibo@2x.png in Resources */ = {isa = PBXBuildFile; fileRef = 7F91D52B1B0C81640087080D /* home_webSite_weibo@2x.png */; };
		7F91D5491B0C81640087080D /* home_webSite_weibo@3x.png in Resources */ = {isa = PBXBuildFile; fileRef = 7F91D52C1B0C81640087080D /* home_webSite_weibo@3x.png */; };
		7F91D54A1B0C81640087080D /* home_webSite_youku@2x.png in Resources */ = {isa = PBXBuildFile; fileRef = 7F91D52D1B0C81640087080D /* home_webSite_youku@2x.png */; };
		7F91D54B1B0C81640087080D /* home_webSite_youku@3x.png in Resources */ = {isa = PBXBuildFile; fileRef = 7F91D52E1B0C81640087080D /* home_webSite_youku@3x.png */; };
		7F91D54E1B0C81750087080D /* iTunesArtwork in Resources */ = {isa = PBXBuildFile; fileRef = 7F91D54C1B0C81750087080D /* iTunesArtwork */; };
		7F91D54F1B0C81750087080D /* iTunesArtwork@2x in Resources */ = {isa = PBXBuildFile; fileRef = 7F91D54D1B0C81750087080D /* iTunesArtwork@2x */; };
		7FC997DA1B09794E009E8BD7 /* main.m in Sources */ = {isa = PBXBuildFile; fileRef = 7FC997D91B09794E009E8BD7 /* main.m */; };
		7FC997E31B09794E009E8BD7 /* Main.storyboard in Resources */ = {isa = PBXBuildFile; fileRef = 7FC997E11B09794E009E8BD7 /* Main.storyboard */; };
		7FC997E51B09794E009E8BD7 /* Images.xcassets in Resources */ = {isa = PBXBuildFile; fileRef = 7FC997E41B09794E009E8BD7 /* Images.xcassets */; };
		7FC997E81B09794E009E8BD7 /* LaunchScreen.xib in Resources */ = {isa = PBXBuildFile; fileRef = 7FC997E61B09794E009E8BD7 /* LaunchScreen.xib */; };
		7FC997F41B09794E009E8BD7 /* iOrangeTests.m in Sources */ = {isa = PBXBuildFile; fileRef = 7FC997F31B09794E009E8BD7 /* iOrangeTests.m */; };
		7FC998071B0A0D7A009E8BD7 /* AppDelegate.m in Sources */ = {isa = PBXBuildFile; fileRef = 7FC998011B0A0D7A009E8BD7 /* AppDelegate.m */; };
		7FC998081B0A0D7A009E8BD7 /* ViewController.m in Sources */ = {isa = PBXBuildFile; fileRef = 7FC998031B0A0D7A009E8BD7 /* ViewController.m */; };
		C37A855E273AE8C121E29079 /* libPods.a in Frameworks */ = {isa = PBXBuildFile; fileRef = 6EB5AF0E0B59701CDA4DF7DF /* libPods.a */; };
/* End PBXBuildFile section */

/* Begin PBXContainerItemProxy section */
		7FC997EE1B09794E009E8BD7 /* PBXContainerItemProxy */ = {
			isa = PBXContainerItemProxy;
			containerPortal = 7FC997CC1B09794E009E8BD7 /* Project object */;
			proxyType = 1;
			remoteGlobalIDString = 7FC997D31B09794E009E8BD7;
			remoteInfo = iOrange;
		};
/* End PBXContainerItemProxy section */

/* Begin PBXFileReference section */
		6EB5AF0E0B59701CDA4DF7DF /* libPods.a */ = {isa = PBXFileReference; explicitFileType = archive.ar; includeInIndex = 0; path = libPods.a; sourceTree = BUILT_PRODUCTS_DIR; };
		7F09A97A1B0C8DD60036BDB7 /* home_nav_searchBg@2x.png */ = {isa = PBXFileReference; lastKnownFileType = image.png; path = "home_nav_searchBg@2x.png"; sourceTree = "<group>"; };
		7F09A97B1B0C8DD60036BDB7 /* home_nav_searchBg@3x.png */ = {isa = PBXFileReference; lastKnownFileType = image.png; path = "home_nav_searchBg@3x.png"; sourceTree = "<group>"; };
		7F09A9891B0C9D030036BDB7 /* Common.h */ = {isa = PBXFileReference; fileEncoding = 4; lastKnownFileType = sourcecode.c.h; path = Common.h; sourceTree = "<group>"; };
		7F09A98B1B0C9D520036BDB7 /* ApiConfig.h */ = {isa = PBXFileReference; fileEncoding = 4; lastKnownFileType = sourcecode.c.h; path = ApiConfig.h; sourceTree = "<group>"; };
		7F09A98C1B0C9D8F0036BDB7 /* ControllerBase.h */ = {isa = PBXFileReference; fileEncoding = 4; lastKnownFileType = sourcecode.c.h; path = ControllerBase.h; sourceTree = "<group>"; };
		7F09A98D1B0C9D8F0036BDB7 /* ControllerBase.m */ = {isa = PBXFileReference; fileEncoding = 4; lastKnownFileType = sourcecode.c.objc; path = ControllerBase.m; sourceTree = "<group>"; };
		7F09A98F1B0C9E6A0036BDB7 /* iOrange.pch */ = {isa = PBXFileReference; fileEncoding = 4; lastKnownFileType = sourcecode.c.h; path = iOrange.pch; sourceTree = "<group>"; };
		7F09A9901B0CA0B50036BDB7 /* ViewWebSiteButton.h */ = {isa = PBXFileReference; fileEncoding = 4; lastKnownFileType = sourcecode.c.h; path = ViewWebSiteButton.h; sourceTree = "<group>"; };
		7F09A9911B0CA0B50036BDB7 /* ViewWebSiteButton.m */ = {isa = PBXFileReference; fileEncoding = 4; lastKnownFileType = sourcecode.c.objc; path = ViewWebSiteButton.m; sourceTree = "<group>"; };
		7F5571EA1B0D7BA600B0CE8F /* BaiduMobAdCommonConfig.h */ = {isa = PBXFileReference; fileEncoding = 4; lastKnownFileType = sourcecode.c.h; path = BaiduMobAdCommonConfig.h; sourceTree = "<group>"; };
		7F5571EB1B0D7BA600B0CE8F /* BaiduMobAdDelegateProtocol.h */ = {isa = PBXFileReference; fileEncoding = 4; lastKnownFileType = sourcecode.c.h; path = BaiduMobAdDelegateProtocol.h; sourceTree = "<group>"; };
		7F5571EC1B0D7BA600B0CE8F /* BaiduMobAdInterstitial.h */ = {isa = PBXFileReference; fileEncoding = 4; lastKnownFileType = sourcecode.c.h; path = BaiduMobAdInterstitial.h; sourceTree = "<group>"; };
		7F5571ED1B0D7BA600B0CE8F /* BaiduMobAdInterstitialDelegate.h */ = {isa = PBXFileReference; fileEncoding = 4; lastKnownFileType = sourcecode.c.h; path = BaiduMobAdInterstitialDelegate.h; sourceTree = "<group>"; };
		7F5571EE1B0D7BA600B0CE8F /* BaiduMobAdRecommendDelegateProtocol.h */ = {isa = PBXFileReference; fileEncoding = 4; lastKnownFileType = sourcecode.c.h; path = BaiduMobAdRecommendDelegateProtocol.h; sourceTree = "<group>"; };
		7F5571EF1B0D7BA600B0CE8F /* BaiduMobAdRecommendIcon.h */ = {isa = PBXFileReference; fileEncoding = 4; lastKnownFileType = sourcecode.c.h; path = BaiduMobAdRecommendIcon.h; sourceTree = "<group>"; };
		7F5571F01B0D7BA600B0CE8F /* baidumobadsdk.bundle */ = {isa = PBXFileReference; lastKnownFileType = "wrapper.plug-in"; path = baidumobadsdk.bundle; sourceTree = "<group>"; };
		7F5571F11B0D7BA600B0CE8F /* BaiduMobAdSplash.h */ = {isa = PBXFileReference; fileEncoding = 4; lastKnownFileType = sourcecode.c.h; path = BaiduMobAdSplash.h; sourceTree = "<group>"; };
		7F5571F21B0D7BA600B0CE8F /* BaiduMobAdSplashDelegate.h */ = {isa = PBXFileReference; fileEncoding = 4; lastKnownFileType = sourcecode.c.h; path = BaiduMobAdSplashDelegate.h; sourceTree = "<group>"; };
		7F5571F31B0D7BA600B0CE8F /* BaiduMobAdView.h */ = {isa = PBXFileReference; fileEncoding = 4; lastKnownFileType = sourcecode.c.h; path = BaiduMobAdView.h; sourceTree = "<group>"; };
		7F5571F41B0D7BA600B0CE8F /* libBaiduMobAdSdk64bit.a */ = {isa = PBXFileReference; lastKnownFileType = archive.ar; path = libBaiduMobAdSdk64bit.a; sourceTree = "<group>"; };
		7F5571F61B0D7BA600B0CE8F /* mongoose.c */ = {isa = PBXFileReference; fileEncoding = 4; lastKnownFileType = sourcecode.c.c; path = mongoose.c; sourceTree = "<group>"; };
		7F5571F71B0D7BA600B0CE8F /* mongoose.h */ = {isa = PBXFileReference; fileEncoding = 4; lastKnownFileType = sourcecode.c.h; path = mongoose.h; sourceTree = "<group>"; };
		7F5572361B0D7EC700B0CE8F /* QuartzCore.framework */ = {isa = PBXFileReference; lastKnownFileType = wrapper.framework; name = QuartzCore.framework; path = System/Library/Frameworks/QuartzCore.framework; sourceTree = SDKROOT; };
		7F5572381B0D7ED100B0CE8F /* AdSupport.framework */ = {isa = PBXFileReference; lastKnownFileType = wrapper.framework; name = AdSupport.framework; path = System/Library/Frameworks/AdSupport.framework; sourceTree = SDKROOT; };
		7F55723A1B0D7EDB00B0CE8F /* StoreKit.framework */ = {isa = PBXFileReference; lastKnownFileType = wrapper.framework; name = StoreKit.framework; path = System/Library/Frameworks/StoreKit.framework; sourceTree = SDKROOT; };
		7F55723C1B0D7EE200B0CE8F /* libz.dylib */ = {isa = PBXFileReference; lastKnownFileType = "compiled.mach-o.dylib"; name = libz.dylib; path = usr/lib/libz.dylib; sourceTree = SDKROOT; };
		7F55723E1B0D7EEA00B0CE8F /* AudioToolbox.framework */ = {isa = PBXFileReference; lastKnownFileType = wrapper.framework; name = AudioToolbox.framework; path = System/Library/Frameworks/AudioToolbox.framework; sourceTree = SDKROOT; };
		7F5572401B0D7EF800B0CE8F /* CoreMotion.framework */ = {isa = PBXFileReference; lastKnownFileType = wrapper.framework; name = CoreMotion.framework; path = System/Library/Frameworks/CoreMotion.framework; sourceTree = SDKROOT; };
		7F5572421B0D7F0500B0CE8F /* MediaPlayer.framework */ = {isa = PBXFileReference; lastKnownFileType = wrapper.framework; name = MediaPlayer.framework; path = System/Library/Frameworks/MediaPlayer.framework; sourceTree = SDKROOT; };
		7F5572441B0D7F1000B0CE8F /* AVFoundation.framework */ = {isa = PBXFileReference; lastKnownFileType = wrapper.framework; name = AVFoundation.framework; path = System/Library/Frameworks/AVFoundation.framework; sourceTree = SDKROOT; };
		7F5572461B0D7F2C00B0CE8F /* MessageUI.framework */ = {isa = PBXFileReference; lastKnownFileType = wrapper.framework; name = MessageUI.framework; path = System/Library/Frameworks/MessageUI.framework; sourceTree = SDKROOT; };
		7F5572481B0D7F3A00B0CE8F /* CoreLocation.framework */ = {isa = PBXFileReference; lastKnownFileType = wrapper.framework; name = CoreLocation.framework; path = System/Library/Frameworks/CoreLocation.framework; sourceTree = SDKROOT; };
		7F55724A1B0D7F4400B0CE8F /* libstdc++.dylib */ = {isa = PBXFileReference; lastKnownFileType = "compiled.mach-o.dylib"; name = "libstdc++.dylib"; path = "usr/lib/libstdc++.dylib"; sourceTree = SDKROOT; };
		7F55724C1B0D7F4F00B0CE8F /* CoreTelephony.framework */ = {isa = PBXFileReference; lastKnownFileType = wrapper.framework; name = CoreTelephony.framework; path = System/Library/Frameworks/CoreTelephony.framework; sourceTree = SDKROOT; };
		7F55724E1B0D7F5A00B0CE8F /* UIKit.framework */ = {isa = PBXFileReference; lastKnownFileType = wrapper.framework; name = UIKit.framework; path = System/Library/Frameworks/UIKit.framework; sourceTree = SDKROOT; };
		7F5572501B10236500B0CE8F /* ViewHomeSection.h */ = {isa = PBXFileReference; fileEncoding = 4; lastKnownFileType = sourcecode.c.h; path = ViewHomeSection.h; sourceTree = "<group>"; };
		7F5572511B10236500B0CE8F /* ViewHomeSection.m */ = {isa = PBXFileReference; fileEncoding = 4; lastKnownFileType = sourcecode.c.objc; path = ViewHomeSection.m; sourceTree = "<group>"; };
		7F5572531B1067B700B0CE8F /* home_image_baike@2x.png */ = {isa = PBXFileReference; lastKnownFileType = image.png; path = "home_image_baike@2x.png"; sourceTree = "<group>"; };
		7F5572541B1067B700B0CE8F /* home_image_baike@3x.png */ = {isa = PBXFileReference; lastKnownFileType = image.png; path = "home_image_baike@3x.png"; sourceTree = "<group>"; };
		7F5572551B1067B700B0CE8F /* home_image_cool@2x.png */ = {isa = PBXFileReference; lastKnownFileType = image.png; path = "home_image_cool@2x.png"; sourceTree = "<group>"; };
		7F5572561B1067B700B0CE8F /* home_image_cool@3x.png */ = {isa = PBXFileReference; lastKnownFileType = image.png; path = "home_image_cool@3x.png"; sourceTree = "<group>"; };
		7F5572571B1067B700B0CE8F /* home_image_movie@2x.png */ = {isa = PBXFileReference; lastKnownFileType = image.png; path = "home_image_movie@2x.png"; sourceTree = "<group>"; };
		7F5572581B1067B700B0CE8F /* home_image_movie@3x.png */ = {isa = PBXFileReference; lastKnownFileType = image.png; path = "home_image_movie@3x.png"; sourceTree = "<group>"; };
		7F5572591B1067B700B0CE8F /* home_image_now@2x.png */ = {isa = PBXFileReference; lastKnownFileType = image.png; path = "home_image_now@2x.png"; sourceTree = "<group>"; };
		7F55725A1B1067B700B0CE8F /* home_image_now@3x.png */ = {isa = PBXFileReference; lastKnownFileType = image.png; path = "home_image_now@3x.png"; sourceTree = "<group>"; };
		7F55725B1B1067B700B0CE8F /* home_image_sevice@2x.png */ = {isa = PBXFileReference; lastKnownFileType = image.png; path = "home_image_sevice@2x.png"; sourceTree = "<group>"; };
		7F55725C1B1067B700B0CE8F /* home_image_sevice@3x.png */ = {isa = PBXFileReference; lastKnownFileType = image.png; path = "home_image_sevice@3x.png"; sourceTree = "<group>"; };
		7F5572671B10788800B0CE8F /* home_webSite_down@2x.png */ = {isa = PBXFileReference; lastKnownFileType = image.png; path = "home_webSite_down@2x.png"; sourceTree = "<group>"; };
		7F5572681B10788800B0CE8F /* home_webSite_down@3x.png */ = {isa = PBXFileReference; lastKnownFileType = image.png; path = "home_webSite_down@3x.png"; sourceTree = "<group>"; };
		7F5572691B10788800B0CE8F /* home_webSite_right@2x.png */ = {isa = PBXFileReference; lastKnownFileType = image.png; path = "home_webSite_right@2x.png"; sourceTree = "<group>"; };
		7F55726A1B10788800B0CE8F /* home_webSite_right@3x.png */ = {isa = PBXFileReference; lastKnownFileType = image.png; path = "home_webSite_right@3x.png"; sourceTree = "<group>"; };
		7F55726F1B10884A00B0CE8F /* home_bottom_forward@2x.png */ = {isa = PBXFileReference; lastKnownFileType = image.png; path = "home_bottom_forward@2x.png"; sourceTree = "<group>"; };
		7F5572701B10884A00B0CE8F /* home_bottom_forward@3x.png */ = {isa = PBXFileReference; lastKnownFileType = image.png; path = "home_bottom_forward@3x.png"; sourceTree = "<group>"; };
		7F5572711B10884A00B0CE8F /* home_button_back@2x.png */ = {isa = PBXFileReference; lastKnownFileType = image.png; path = "home_button_back@2x.png"; sourceTree = "<group>"; };
		7F5572721B10884A00B0CE8F /* home_button_back@3x.png */ = {isa = PBXFileReference; lastKnownFileType = image.png; path = "home_button_back@3x.png"; sourceTree = "<group>"; };
		7F5572731B10884A00B0CE8F /* home_button_home@2x.png */ = {isa = PBXFileReference; lastKnownFileType = image.png; path = "home_button_home@2x.png"; sourceTree = "<group>"; };
		7F5572741B10884A00B0CE8F /* home_button_home@3x.png */ = {isa = PBXFileReference; lastKnownFileType = image.png; path = "home_button_home@3x.png"; sourceTree = "<group>"; };
		7F5572751B10884A00B0CE8F /* home_button_moreMark@2x.png */ = {isa = PBXFileReference; lastKnownFileType = image.png; path = "home_button_moreMark@2x.png"; sourceTree = "<group>"; };
		7F5572761B10884A00B0CE8F /* home_button_moreMark@3x.png */ = {isa = PBXFileReference; lastKnownFileType = image.png; path = "home_button_moreMark@3x.png"; sourceTree = "<group>"; };
		7F5572771B10884A00B0CE8F /* home_button_setting@2x.png */ = {isa = PBXFileReference; lastKnownFileType = image.png; path = "home_button_setting@2x.png"; sourceTree = "<group>"; };
		7F5572781B10884A00B0CE8F /* home_button_setting@3x.png */ = {isa = PBXFileReference; lastKnownFileType = image.png; path = "home_button_setting@3x.png"; sourceTree = "<group>"; };
		7F91D5131B0C81640087080D /* home_nav_bg@2x.png */ = {isa = PBXFileReference; lastKnownFileType = image.png; path = "home_nav_bg@2x.png"; sourceTree = "<group>"; };
		7F91D5141B0C81640087080D /* home_nav_bg@3x.png */ = {isa = PBXFileReference; lastKnownFileType = image.png; path = "home_nav_bg@3x.png"; sourceTree = "<group>"; };
		7F91D5151B0C81640087080D /* home_nav_search_default@2x.png */ = {isa = PBXFileReference; lastKnownFileType = image.png; path = "home_nav_search_default@2x.png"; sourceTree = "<group>"; };
		7F91D5161B0C81640087080D /* home_nav_search_default@3x.png */ = {isa = PBXFileReference; lastKnownFileType = image.png; path = "home_nav_search_default@3x.png"; sourceTree = "<group>"; };
		7F91D5171B0C81640087080D /* home_nav_search_pressed@2x.png */ = {isa = PBXFileReference; lastKnownFileType = image.png; path = "home_nav_search_pressed@2x.png"; sourceTree = "<group>"; };
		7F91D5181B0C81640087080D /* home_nav_search_pressed@3x.png */ = {isa = PBXFileReference; lastKnownFileType = image.png; path = "home_nav_search_pressed@3x.png"; sourceTree = "<group>"; };
		7F91D5191B0C81640087080D /* home_nav_twoCode_default@2x.png */ = {isa = PBXFileReference; lastKnownFileType = image.png; path = "home_nav_twoCode_default@2x.png"; sourceTree = "<group>"; };
		7F91D51A1B0C81640087080D /* home_nav_twoCode_default@3x.png */ = {isa = PBXFileReference; lastKnownFileType = image.png; path = "home_nav_twoCode_default@3x.png"; sourceTree = "<group>"; };
		7F91D51B1B0C81640087080D /* home_nav_twoCode_pressed@2x.png */ = {isa = PBXFileReference; lastKnownFileType = image.png; path = "home_nav_twoCode_pressed@2x.png"; sourceTree = "<group>"; };
		7F91D51C1B0C81640087080D /* home_nav_twoCode_pressed@3x.png */ = {isa = PBXFileReference; lastKnownFileType = image.png; path = "home_nav_twoCode_pressed@3x.png"; sourceTree = "<group>"; };
		7F91D51D1B0C81640087080D /* home_webSite_amazon@2x.png */ = {isa = PBXFileReference; lastKnownFileType = image.png; path = "home_webSite_amazon@2x.png"; sourceTree = "<group>"; };
		7F91D51E1B0C81640087080D /* home_webSite_amazon@3x.png */ = {isa = PBXFileReference; lastKnownFileType = image.png; path = "home_webSite_amazon@3x.png"; sourceTree = "<group>"; };
		7F91D51F1B0C81640087080D /* home_webSite_baidu@2x.png */ = {isa = PBXFileReference; lastKnownFileType = image.png; path = "home_webSite_baidu@2x.png"; sourceTree = "<group>"; };
		7F91D5201B0C81640087080D /* home_webSite_baidu@3x.png */ = {isa = PBXFileReference; lastKnownFileType = image.png; path = "home_webSite_baidu@3x.png"; sourceTree = "<group>"; };
		7F91D5211B0C81640087080D /* home_webSite_ctrip@2x.png */ = {isa = PBXFileReference; lastKnownFileType = image.png; path = "home_webSite_ctrip@2x.png"; sourceTree = "<group>"; };
		7F91D5221B0C81640087080D /* home_webSite_ctrip@3x.png */ = {isa = PBXFileReference; lastKnownFileType = image.png; path = "home_webSite_ctrip@3x.png"; sourceTree = "<group>"; };
		7F91D5231B0C81640087080D /* home_webSite_jd@2x.png */ = {isa = PBXFileReference; lastKnownFileType = image.png; path = "home_webSite_jd@2x.png"; sourceTree = "<group>"; };
		7F91D5241B0C81640087080D /* home_webSite_jd@3x.png */ = {isa = PBXFileReference; lastKnownFileType = image.png; path = "home_webSite_jd@3x.png"; sourceTree = "<group>"; };
		7F91D5251B0C81640087080D /* home_webSite_jianshu@2x.png */ = {isa = PBXFileReference; lastKnownFileType = image.png; path = "home_webSite_jianshu@2x.png"; sourceTree = "<group>"; };
		7F91D5261B0C81640087080D /* home_webSite_jianshu@3x.png */ = {isa = PBXFileReference; lastKnownFileType = image.png; path = "home_webSite_jianshu@3x.png"; sourceTree = "<group>"; };
		7F91D5271B0C81640087080D /* home_webSite_tmall@2x.png */ = {isa = PBXFileReference; lastKnownFileType = image.png; path = "home_webSite_tmall@2x.png"; sourceTree = "<group>"; };
		7F91D5281B0C81640087080D /* home_webSite_tmall@3x.png */ = {isa = PBXFileReference; lastKnownFileType = image.png; path = "home_webSite_tmall@3x.png"; sourceTree = "<group>"; };
		7F91D5291B0C81640087080D /* home_webSite_toutiao@2x.png */ = {isa = PBXFileReference; lastKnownFileType = image.png; path = "home_webSite_toutiao@2x.png"; sourceTree = "<group>"; };
		7F91D52A1B0C81640087080D /* home_webSite_toutiao@3x.png */ = {isa = PBXFileReference; lastKnownFileType = image.png; path = "home_webSite_toutiao@3x.png"; sourceTree = "<group>"; };
		7F91D52B1B0C81640087080D /* home_webSite_weibo@2x.png */ = {isa = PBXFileReference; lastKnownFileType = image.png; path = "home_webSite_weibo@2x.png"; sourceTree = "<group>"; };
		7F91D52C1B0C81640087080D /* home_webSite_weibo@3x.png */ = {isa = PBXFileReference; lastKnownFileType = image.png; path = "home_webSite_weibo@3x.png"; sourceTree = "<group>"; };
		7F91D52D1B0C81640087080D /* home_webSite_youku@2x.png */ = {isa = PBXFileReference; lastKnownFileType = image.png; path = "home_webSite_youku@2x.png"; sourceTree = "<group>"; };
		7F91D52E1B0C81640087080D /* home_webSite_youku@3x.png */ = {isa = PBXFileReference; lastKnownFileType = image.png; path = "home_webSite_youku@3x.png"; sourceTree = "<group>"; };
		7F91D54C1B0C81750087080D /* iTunesArtwork */ = {isa = PBXFileReference; lastKnownFileType = file; path = iTunesArtwork; sourceTree = "<group>"; };
		7F91D54D1B0C81750087080D /* iTunesArtwork@2x */ = {isa = PBXFileReference; lastKnownFileType = file; path = "iTunesArtwork@2x"; sourceTree = "<group>"; };
		7FC997D41B09794E009E8BD7 /* iOrange.app */ = {isa = PBXFileReference; explicitFileType = wrapper.application; includeInIndex = 0; path = iOrange.app; sourceTree = BUILT_PRODUCTS_DIR; };
		7FC997D81B09794E009E8BD7 /* Info.plist */ = {isa = PBXFileReference; lastKnownFileType = text.plist.xml; path = Info.plist; sourceTree = "<group>"; };
		7FC997D91B09794E009E8BD7 /* main.m */ = {isa = PBXFileReference; lastKnownFileType = sourcecode.c.objc; path = main.m; sourceTree = "<group>"; };
		7FC997E21B09794E009E8BD7 /* Base */ = {isa = PBXFileReference; lastKnownFileType = file.storyboard; name = Base; path = Base.lproj/Main.storyboard; sourceTree = "<group>"; };
		7FC997E41B09794E009E8BD7 /* Images.xcassets */ = {isa = PBXFileReference; lastKnownFileType = folder.assetcatalog; path = Images.xcassets; sourceTree = "<group>"; };
		7FC997E71B09794E009E8BD7 /* Base */ = {isa = PBXFileReference; lastKnownFileType = file.xib; name = Base; path = Base.lproj/LaunchScreen.xib; sourceTree = "<group>"; };
		7FC997ED1B09794E009E8BD7 /* iOrangeTests.xctest */ = {isa = PBXFileReference; explicitFileType = wrapper.cfbundle; includeInIndex = 0; path = iOrangeTests.xctest; sourceTree = BUILT_PRODUCTS_DIR; };
		7FC997F21B09794E009E8BD7 /* Info.plist */ = {isa = PBXFileReference; lastKnownFileType = text.plist.xml; path = Info.plist; sourceTree = "<group>"; };
		7FC997F31B09794E009E8BD7 /* iOrangeTests.m */ = {isa = PBXFileReference; lastKnownFileType = sourcecode.c.objc; path = iOrangeTests.m; sourceTree = "<group>"; };
		7FC998001B0A0D7A009E8BD7 /* AppDelegate.h */ = {isa = PBXFileReference; fileEncoding = 4; lastKnownFileType = sourcecode.c.h; path = AppDelegate.h; sourceTree = "<group>"; };
		7FC998011B0A0D7A009E8BD7 /* AppDelegate.m */ = {isa = PBXFileReference; fileEncoding = 4; lastKnownFileType = sourcecode.c.objc; path = AppDelegate.m; sourceTree = "<group>"; };
		7FC998021B0A0D7A009E8BD7 /* ViewController.h */ = {isa = PBXFileReference; fileEncoding = 4; lastKnownFileType = sourcecode.c.h; path = ViewController.h; sourceTree = "<group>"; };
		7FC998031B0A0D7A009E8BD7 /* ViewController.m */ = {isa = PBXFileReference; fileEncoding = 4; lastKnownFileType = sourcecode.c.objc; path = ViewController.m; sourceTree = "<group>"; };
		A9FD645B0EE89C3D997E75FE /* Pods.release.xcconfig */ = {isa = PBXFileReference; includeInIndex = 1; lastKnownFileType = text.xcconfig; name = Pods.release.xcconfig; path = "Pods/Target Support Files/Pods/Pods.release.xcconfig"; sourceTree = "<group>"; };
		CA9FBDCB21C4BE8713762F85 /* Pods.debug.xcconfig */ = {isa = PBXFileReference; includeInIndex = 1; lastKnownFileType = text.xcconfig; name = Pods.debug.xcconfig; path = "Pods/Target Support Files/Pods/Pods.debug.xcconfig"; sourceTree = "<group>"; };
/* End PBXFileReference section */

/* Begin PBXFrameworksBuildPhase section */
		7FC997D11B09794E009E8BD7 /* Frameworks */ = {
			isa = PBXFrameworksBuildPhase;
			buildActionMask = 2147483647;
			files = (
				7F55724F1B0D7F5A00B0CE8F /* UIKit.framework in Frameworks */,
				7F55724D1B0D7F4F00B0CE8F /* CoreTelephony.framework in Frameworks */,
				7F55724B1B0D7F4400B0CE8F /* libstdc++.dylib in Frameworks */,
				7F5572491B0D7F3A00B0CE8F /* CoreLocation.framework in Frameworks */,
				7F5572471B0D7F2C00B0CE8F /* MessageUI.framework in Frameworks */,
				7F5572451B0D7F1000B0CE8F /* AVFoundation.framework in Frameworks */,
				7F5572431B0D7F0500B0CE8F /* MediaPlayer.framework in Frameworks */,
				7F5572411B0D7EF800B0CE8F /* CoreMotion.framework in Frameworks */,
				7F55723F1B0D7EEA00B0CE8F /* AudioToolbox.framework in Frameworks */,
				7F55723D1B0D7EE200B0CE8F /* libz.dylib in Frameworks */,
				7F55723B1B0D7EDB00B0CE8F /* StoreKit.framework in Frameworks */,
				7F5572391B0D7ED100B0CE8F /* AdSupport.framework in Frameworks */,
				7F5572371B0D7EC700B0CE8F /* QuartzCore.framework in Frameworks */,
				7F5572221B0D7BA600B0CE8F /* libBaiduMobAdSdk64bit.a in Frameworks */,
				C37A855E273AE8C121E29079 /* libPods.a in Frameworks */,
			);
			runOnlyForDeploymentPostprocessing = 0;
		};
		7FC997EA1B09794E009E8BD7 /* Frameworks */ = {
			isa = PBXFrameworksBuildPhase;
			buildActionMask = 2147483647;
			files = (
			);
			runOnlyForDeploymentPostprocessing = 0;
		};
/* End PBXFrameworksBuildPhase section */

/* Begin PBXGroup section */
		2141F8651DE8E69B6A315A35 /* Pods */ = {
			isa = PBXGroup;
			children = (
				CA9FBDCB21C4BE8713762F85 /* Pods.debug.xcconfig */,
				A9FD645B0EE89C3D997E75FE /* Pods.release.xcconfig */,
			);
			name = Pods;
			sourceTree = "<group>";
		};
		6576AC60241C78755AF2A5D0 /* Frameworks */ = {
			isa = PBXGroup;
			children = (
				7F55724E1B0D7F5A00B0CE8F /* UIKit.framework */,
				7F55724C1B0D7F4F00B0CE8F /* CoreTelephony.framework */,
				7F55724A1B0D7F4400B0CE8F /* libstdc++.dylib */,
				7F5572481B0D7F3A00B0CE8F /* CoreLocation.framework */,
				7F5572461B0D7F2C00B0CE8F /* MessageUI.framework */,
				7F5572441B0D7F1000B0CE8F /* AVFoundation.framework */,
				7F5572421B0D7F0500B0CE8F /* MediaPlayer.framework */,
				7F5572401B0D7EF800B0CE8F /* CoreMotion.framework */,
				7F55723E1B0D7EEA00B0CE8F /* AudioToolbox.framework */,
				7F55723C1B0D7EE200B0CE8F /* libz.dylib */,
				7F55723A1B0D7EDB00B0CE8F /* StoreKit.framework */,
				7F5572381B0D7ED100B0CE8F /* AdSupport.framework */,
				7F5572361B0D7EC700B0CE8F /* QuartzCore.framework */,
				6EB5AF0E0B59701CDA4DF7DF /* libPods.a */,
			);
			name = Frameworks;
			sourceTree = "<group>";
		};
		7F09A97E1B0C9C8B0036BDB7 /* Core */ = {
			isa = PBXGroup;
			children = (
			);
			path = Core;
			sourceTree = "<group>";
		};
		7F09A97F1B0C9C8B0036BDB7 /* Gemeranl */ = {
			isa = PBXGroup;
			children = (
				7F09A9821B0C9D030036BDB7 /* Base */,
				7F09A9831B0C9D030036BDB7 /* Categary */,
				7F09A9841B0C9D030036BDB7 /* CustomUI */,
				7F09A9851B0C9D030036BDB7 /* Guide */,
				7F09A9861B0C9D030036BDB7 /* Helper */,
				7F09A9871B0C9D030036BDB7 /* Marco */,
				7F09A98A1B0C9D030036BDB7 /* Share */,
			);
			path = Gemeranl;
			sourceTree = "<group>";
		};
		7F09A9801B0C9C8B0036BDB7 /* Model */ = {
			isa = PBXGroup;
			children = (
			);
			path = Model;
			sourceTree = "<group>";
		};
		7F09A9811B0C9C8B0036BDB7 /* Vendors */ = {
			isa = PBXGroup;
			children = (
				7F5571E91B0D7BA600B0CE8F /* Baidu_Ad_2.6 */,
			);
			path = Vendors;
			sourceTree = "<group>";
		};
		7F09A9821B0C9D030036BDB7 /* Base */ = {
			isa = PBXGroup;
			children = (
				7F09A98C1B0C9D8F0036BDB7 /* ControllerBase.h */,
				7F09A98D1B0C9D8F0036BDB7 /* ControllerBase.m */,
			);
			path = Base;
			sourceTree = "<group>";
		};
		7F09A9831B0C9D030036BDB7 /* Categary */ = {
			isa = PBXGroup;
			children = (
			);
			path = Categary;
			sourceTree = "<group>";
		};
		7F09A9841B0C9D030036BDB7 /* CustomUI */ = {
			isa = PBXGroup;
			children = (
				7F09A9901B0CA0B50036BDB7 /* ViewWebSiteButton.h */,
				7F09A9911B0CA0B50036BDB7 /* ViewWebSiteButton.m */,
				7F5572501B10236500B0CE8F /* ViewHomeSection.h */,
				7F5572511B10236500B0CE8F /* ViewHomeSection.m */,
			);
			path = CustomUI;
			sourceTree = "<group>";
		};
		7F09A9851B0C9D030036BDB7 /* Guide */ = {
			isa = PBXGroup;
			children = (
			);
			path = Guide;
			sourceTree = "<group>";
		};
		7F09A9861B0C9D030036BDB7 /* Helper */ = {
			isa = PBXGroup;
			children = (
			);
			path = Helper;
			sourceTree = "<group>";
		};
		7F09A9871B0C9D030036BDB7 /* Marco */ = {
			isa = PBXGroup;
			children = (
				7F09A9891B0C9D030036BDB7 /* Common.h */,
				7F09A98B1B0C9D520036BDB7 /* ApiConfig.h */,
			);
			path = Marco;
			sourceTree = "<group>";
		};
		7F09A98A1B0C9D030036BDB7 /* Share */ = {
			isa = PBXGroup;
			children = (
			);
			path = Share;
			sourceTree = "<group>";
		};
		7F5571E91B0D7BA600B0CE8F /* Baidu_Ad_2.6 */ = {
			isa = PBXGroup;
			children = (
				7F5571EA1B0D7BA600B0CE8F /* BaiduMobAdCommonConfig.h */,
				7F5571EB1B0D7BA600B0CE8F /* BaiduMobAdDelegateProtocol.h */,
				7F5571EC1B0D7BA600B0CE8F /* BaiduMobAdInterstitial.h */,
				7F5571ED1B0D7BA600B0CE8F /* BaiduMobAdInterstitialDelegate.h */,
				7F5571EE1B0D7BA600B0CE8F /* BaiduMobAdRecommendDelegateProtocol.h */,
				7F5571EF1B0D7BA600B0CE8F /* BaiduMobAdRecommendIcon.h */,
				7F5571F01B0D7BA600B0CE8F /* baidumobadsdk.bundle */,
				7F5571F11B0D7BA600B0CE8F /* BaiduMobAdSplash.h */,
				7F5571F21B0D7BA600B0CE8F /* BaiduMobAdSplashDelegate.h */,
				7F5571F31B0D7BA600B0CE8F /* BaiduMobAdView.h */,
				7F5571F41B0D7BA600B0CE8F /* libBaiduMobAdSdk64bit.a */,
				7F5571F51B0D7BA600B0CE8F /* Mongoose */,
			);
			path = Baidu_Ad_2.6;
			sourceTree = "<group>";
		};
		7F5571F51B0D7BA600B0CE8F /* Mongoose */ = {
			isa = PBXGroup;
			children = (
				7F5571F61B0D7BA600B0CE8F /* mongoose.c */,
				7F5571F71B0D7BA600B0CE8F /* mongoose.h */,
			);
			path = Mongoose;
			sourceTree = "<group>";
		};
		7F91D5111B0C81640087080D /* Images */ = {
			isa = PBXGroup;
			children = (
				7F91D5121B0C81640087080D /* Home */,
			);
			path = Images;
			sourceTree = "<group>";
		};
		7F91D5121B0C81640087080D /* Home */ = {
			isa = PBXGroup;
			children = (
				7F55726F1B10884A00B0CE8F /* home_bottom_forward@2x.png */,
				7F5572701B10884A00B0CE8F /* home_bottom_forward@3x.png */,
				7F5572711B10884A00B0CE8F /* home_button_back@2x.png */,
				7F5572721B10884A00B0CE8F /* home_button_back@3x.png */,
				7F5572731B10884A00B0CE8F /* home_button_home@2x.png */,
				7F5572741B10884A00B0CE8F /* home_button_home@3x.png */,
				7F5572751B10884A00B0CE8F /* home_button_moreMark@2x.png */,
				7F5572761B10884A00B0CE8F /* home_button_moreMark@3x.png */,
				7F5572771B10884A00B0CE8F /* home_button_setting@2x.png */,
				7F5572781B10884A00B0CE8F /* home_button_setting@3x.png */,
				7F5572671B10788800B0CE8F /* home_webSite_down@2x.png */,
				7F5572681B10788800B0CE8F /* home_webSite_down@3x.png */,
				7F5572691B10788800B0CE8F /* home_webSite_right@2x.png */,
				7F55726A1B10788800B0CE8F /* home_webSite_right@3x.png */,
				7F5572531B1067B700B0CE8F /* home_image_baike@2x.png */,
				7F5572541B1067B700B0CE8F /* home_image_baike@3x.png */,
				7F5572551B1067B700B0CE8F /* home_image_cool@2x.png */,
				7F5572561B1067B700B0CE8F /* home_image_cool@3x.png */,
				7F5572571B1067B700B0CE8F /* home_image_movie@2x.png */,
				7F5572581B1067B700B0CE8F /* home_image_movie@3x.png */,
				7F5572591B1067B700B0CE8F /* home_image_now@2x.png */,
				7F55725A1B1067B700B0CE8F /* home_image_now@3x.png */,
				7F55725B1B1067B700B0CE8F /* home_image_sevice@2x.png */,
				7F55725C1B1067B700B0CE8F /* home_image_sevice@3x.png */,
				7F09A97A1B0C8DD60036BDB7 /* home_nav_searchBg@2x.png */,
				7F09A97B1B0C8DD60036BDB7 /* home_nav_searchBg@3x.png */,
				7F91D5131B0C81640087080D /* home_nav_bg@2x.png */,
				7F91D5141B0C81640087080D /* home_nav_bg@3x.png */,
				7F91D5151B0C81640087080D /* home_nav_search_default@2x.png */,
				7F91D5161B0C81640087080D /* home_nav_search_default@3x.png */,
				7F91D5171B0C81640087080D /* home_nav_search_pressed@2x.png */,
				7F91D5181B0C81640087080D /* home_nav_search_pressed@3x.png */,
				7F91D5191B0C81640087080D /* home_nav_twoCode_default@2x.png */,
				7F91D51A1B0C81640087080D /* home_nav_twoCode_default@3x.png */,
				7F91D51B1B0C81640087080D /* home_nav_twoCode_pressed@2x.png */,
				7F91D51C1B0C81640087080D /* home_nav_twoCode_pressed@3x.png */,
				7F91D51D1B0C81640087080D /* home_webSite_amazon@2x.png */,
				7F91D51E1B0C81640087080D /* home_webSite_amazon@3x.png */,
				7F91D51F1B0C81640087080D /* home_webSite_baidu@2x.png */,
				7F91D5201B0C81640087080D /* home_webSite_baidu@3x.png */,
				7F91D5211B0C81640087080D /* home_webSite_ctrip@2x.png */,
				7F91D5221B0C81640087080D /* home_webSite_ctrip@3x.png */,
				7F91D5231B0C81640087080D /* home_webSite_jd@2x.png */,
				7F91D5241B0C81640087080D /* home_webSite_jd@3x.png */,
				7F91D5251B0C81640087080D /* home_webSite_jianshu@2x.png */,
				7F91D5261B0C81640087080D /* home_webSite_jianshu@3x.png */,
				7F91D5271B0C81640087080D /* home_webSite_tmall@2x.png */,
				7F91D5281B0C81640087080D /* home_webSite_tmall@3x.png */,
				7F91D5291B0C81640087080D /* home_webSite_toutiao@2x.png */,
				7F91D52A1B0C81640087080D /* home_webSite_toutiao@3x.png */,
				7F91D52B1B0C81640087080D /* home_webSite_weibo@2x.png */,
				7F91D52C1B0C81640087080D /* home_webSite_weibo@3x.png */,
				7F91D52D1B0C81640087080D /* home_webSite_youku@2x.png */,
				7F91D52E1B0C81640087080D /* home_webSite_youku@3x.png */,
			);
			path = Home;
			sourceTree = "<group>";
		};
		7F91D52F1B0C81640087080D /* plists */ = {
			isa = PBXGroup;
			children = (
			);
			path = plists;
			sourceTree = "<group>";
		};
		7FC997CB1B09794E009E8BD7 = {
			isa = PBXGroup;
			children = (
				7FC997D61B09794E009E8BD7 /* iOrange */,
				7FC997F01B09794E009E8BD7 /* iOrangeTests */,
				7FC997D51B09794E009E8BD7 /* Products */,
				2141F8651DE8E69B6A315A35 /* Pods */,
				6576AC60241C78755AF2A5D0 /* Frameworks */,
			);
			sourceTree = "<group>";
		};
		7FC997D51B09794E009E8BD7 /* Products */ = {
			isa = PBXGroup;
			children = (
				7FC997D41B09794E009E8BD7 /* iOrange.app */,
				7FC997ED1B09794E009E8BD7 /* iOrangeTests.xctest */,
			);
			name = Products;
			sourceTree = "<group>";
		};
		7FC997D61B09794E009E8BD7 /* iOrange */ = {
			isa = PBXGroup;
			children = (
				7F09A97E1B0C9C8B0036BDB7 /* Core */,
				7F09A97F1B0C9C8B0036BDB7 /* Gemeranl */,
				7F09A9801B0C9C8B0036BDB7 /* Model */,
				7F09A9811B0C9C8B0036BDB7 /* Vendors */,
				7FC997FF1B0A0D7A009E8BD7 /* iPhone */,
				7FC998051B0A0D7A009E8BD7 /* Resource */,
				7FC997E41B09794E009E8BD7 /* Images.xcassets */,
				7FC997E61B09794E009E8BD7 /* LaunchScreen.xib */,
				7FC997D71B09794E009E8BD7 /* Supporting Files */,
			);
			path = iOrange;
			sourceTree = "<group>";
		};
		7FC997D71B09794E009E8BD7 /* Supporting Files */ = {
			isa = PBXGroup;
			children = (
				7FC997D81B09794E009E8BD7 /* Info.plist */,
				7FC997D91B09794E009E8BD7 /* main.m */,
				7F09A98F1B0C9E6A0036BDB7 /* iOrange.pch */,
			);
			name = "Supporting Files";
			sourceTree = "<group>";
		};
		7FC997F01B09794E009E8BD7 /* iOrangeTests */ = {
			isa = PBXGroup;
			children = (
				7FC997F31B09794E009E8BD7 /* iOrangeTests.m */,
				7FC997F11B09794E009E8BD7 /* Supporting Files */,
			);
			path = iOrangeTests;
			sourceTree = "<group>";
		};
		7FC997F11B09794E009E8BD7 /* Supporting Files */ = {
			isa = PBXGroup;
			children = (
				7FC997F21B09794E009E8BD7 /* Info.plist */,
			);
			name = "Supporting Files";
			sourceTree = "<group>";
		};
		7FC997FF1B0A0D7A009E8BD7 /* iPhone */ = {
			isa = PBXGroup;
			children = (
				7FC997E11B09794E009E8BD7 /* Main.storyboard */,
				7FC998001B0A0D7A009E8BD7 /* AppDelegate.h */,
				7FC998011B0A0D7A009E8BD7 /* AppDelegate.m */,
				7FC998021B0A0D7A009E8BD7 /* ViewController.h */,
				7FC998031B0A0D7A009E8BD7 /* ViewController.m */,
			);
			path = iPhone;
			sourceTree = "<group>";
		};
		7FC998051B0A0D7A009E8BD7 /* Resource */ = {
			isa = PBXGroup;
			children = (
				7F91D54C1B0C81750087080D /* iTunesArtwork */,
				7F91D54D1B0C81750087080D /* iTunesArtwork@2x */,
				7F91D5111B0C81640087080D /* Images */,
				7F91D52F1B0C81640087080D /* plists */,
			);
			path = Resource;
			sourceTree = "<group>";
		};
/* End PBXGroup section */

/* Begin PBXNativeTarget section */
		7FC997D31B09794E009E8BD7 /* iOrange */ = {
			isa = PBXNativeTarget;
			buildConfigurationList = 7FC997F71B09794E009E8BD7 /* Build configuration list for PBXNativeTarget "iOrange" */;
			buildPhases = (
				7A6E5128CB0BD7B69A90AA38 /* Check Pods Manifest.lock */,
				7FC997D01B09794E009E8BD7 /* Sources */,
				7FC997D11B09794E009E8BD7 /* Frameworks */,
				7FC997D21B09794E009E8BD7 /* Resources */,
				6009B7BF05CB713186365A66 /* Copy Pods Resources */,
			);
			buildRules = (
			);
			dependencies = (
			);
			name = iOrange;
			productName = iOrange;
			productReference = 7FC997D41B09794E009E8BD7 /* iOrange.app */;
			productType = "com.apple.product-type.application";
		};
		7FC997EC1B09794E009E8BD7 /* iOrangeTests */ = {
			isa = PBXNativeTarget;
			buildConfigurationList = 7FC997FA1B09794E009E8BD7 /* Build configuration list for PBXNativeTarget "iOrangeTests" */;
			buildPhases = (
				7FC997E91B09794E009E8BD7 /* Sources */,
				7FC997EA1B09794E009E8BD7 /* Frameworks */,
				7FC997EB1B09794E009E8BD7 /* Resources */,
			);
			buildRules = (
			);
			dependencies = (
				7FC997EF1B09794E009E8BD7 /* PBXTargetDependency */,
			);
			name = iOrangeTests;
			productName = iOrangeTests;
			productReference = 7FC997ED1B09794E009E8BD7 /* iOrangeTests.xctest */;
			productType = "com.apple.product-type.bundle.unit-test";
		};
/* End PBXNativeTarget section */

/* Begin PBXProject section */
		7FC997CC1B09794E009E8BD7 /* Project object */ = {
			isa = PBXProject;
			attributes = {
				LastUpgradeCheck = 0630;
				ORGANIZATIONNAME = yinxiangkai;
				TargetAttributes = {
					7FC997D31B09794E009E8BD7 = {
						CreatedOnToolsVersion = 6.3.1;
						DevelopmentTeam = Y3A2P99A4V;
					};
					7FC997EC1B09794E009E8BD7 = {
						CreatedOnToolsVersion = 6.3.1;
						DevelopmentTeam = Y3A2P99A4V;
						TestTargetID = 7FC997D31B09794E009E8BD7;
					};
				};
			};
			buildConfigurationList = 7FC997CF1B09794E009E8BD7 /* Build configuration list for PBXProject "iOrange" */;
			compatibilityVersion = "Xcode 3.2";
			developmentRegion = English;
			hasScannedForEncodings = 0;
			knownRegions = (
				en,
				Base,
			);
			mainGroup = 7FC997CB1B09794E009E8BD7;
			productRefGroup = 7FC997D51B09794E009E8BD7 /* Products */;
			projectDirPath = "";
			projectRoot = "";
			targets = (
				7FC997D31B09794E009E8BD7 /* iOrange */,
				7FC997EC1B09794E009E8BD7 /* iOrangeTests */,
			);
		};
/* End PBXProject section */

/* Begin PBXResourcesBuildPhase section */
		7FC997D21B09794E009E8BD7 /* Resources */ = {
			isa = PBXResourcesBuildPhase;
			buildActionMask = 2147483647;
			files = (
				7F91D5301B0C81640087080D /* home_nav_bg@2x.png in Resources */,
				7F5572641B1067B700B0CE8F /* home_image_now@3x.png in Resources */,
				7F55726D1B10788800B0CE8F /* home_webSite_right@2x.png in Resources */,
				7F91D54B1B0C81640087080D /* home_webSite_youku@3x.png in Resources */,
				7F55726B1B10788800B0CE8F /* home_webSite_down@2x.png in Resources */,
				7F91D5321B0C81640087080D /* home_nav_search_default@2x.png in Resources */,
				7F09A97D1B0C8DD60036BDB7 /* home_nav_searchBg@3x.png in Resources */,
				7F91D5341B0C81640087080D /* home_nav_search_pressed@2x.png in Resources */,
				7F91D53B1B0C81640087080D /* home_webSite_amazon@3x.png in Resources */,
				7F55727A1B10884A00B0CE8F /* home_bottom_forward@3x.png in Resources */,
				7F55726E1B10788800B0CE8F /* home_webSite_right@3x.png in Resources */,
				7F5572211B0D7BA600B0CE8F /* baidumobadsdk.bundle in Resources */,
				7F91D53E1B0C81640087080D /* home_webSite_ctrip@2x.png in Resources */,
				7F91D5331B0C81640087080D /* home_nav_search_default@3x.png in Resources */,
				7F91D53C1B0C81640087080D /* home_webSite_baidu@2x.png in Resources */,
				7F5572661B1067B700B0CE8F /* home_image_sevice@3x.png in Resources */,
				7F5572631B1067B700B0CE8F /* home_image_now@2x.png in Resources */,
				7F5572651B1067B700B0CE8F /* home_image_sevice@2x.png in Resources */,
				7F91D5401B0C81640087080D /* home_webSite_jd@2x.png in Resources */,
				7F5572791B10884A00B0CE8F /* home_bottom_forward@2x.png in Resources */,
				7F91D5431B0C81640087080D /* home_webSite_jianshu@3x.png in Resources */,
				7F91D5311B0C81640087080D /* home_nav_bg@3x.png in Resources */,
				7F91D5481B0C81640087080D /* home_webSite_weibo@2x.png in Resources */,
				7F91D5441B0C81640087080D /* home_webSite_tmall@2x.png in Resources */,
				7F91D5361B0C81640087080D /* home_nav_twoCode_default@2x.png in Resources */,
				7F55727E1B10884A00B0CE8F /* home_button_home@3x.png in Resources */,
				7F91D53F1B0C81640087080D /* home_webSite_ctrip@3x.png in Resources */,
				7F91D54E1B0C81750087080D /* iTunesArtwork in Resources */,
				7F91D53D1B0C81640087080D /* home_webSite_baidu@3x.png in Resources */,
				7F5572621B1067B700B0CE8F /* home_image_movie@3x.png in Resources */,
				7F5572611B1067B700B0CE8F /* home_image_movie@2x.png in Resources */,
				7F5572601B1067B700B0CE8F /* home_image_cool@3x.png in Resources */,
				7F91D5451B0C81640087080D /* home_webSite_tmall@3x.png in Resources */,
				7F5572811B10884A00B0CE8F /* home_button_setting@2x.png in Resources */,
				7F91D5371B0C81640087080D /* home_nav_twoCode_default@3x.png in Resources */,
				7F91D5491B0C81640087080D /* home_webSite_weibo@3x.png in Resources */,
				7F91D5411B0C81640087080D /* home_webSite_jd@3x.png in Resources */,
				7F55727D1B10884A00B0CE8F /* home_button_home@2x.png in Resources */,
				7FC997E31B09794E009E8BD7 /* Main.storyboard in Resources */,
				7FC997E81B09794E009E8BD7 /* LaunchScreen.xib in Resources */,
				7F55727B1B10884A00B0CE8F /* home_button_back@2x.png in Resources */,
				7F5572821B10884A00B0CE8F /* home_button_setting@3x.png in Resources */,
				7F91D53A1B0C81640087080D /* home_webSite_amazon@2x.png in Resources */,
				7F09A97C1B0C8DD60036BDB7 /* home_nav_searchBg@2x.png in Resources */,
				7F5572801B10884A00B0CE8F /* home_button_moreMark@3x.png in Resources */,
				7F91D5351B0C81640087080D /* home_nav_search_pressed@3x.png in Resources */,
				7F91D5471B0C81640087080D /* home_webSite_toutiao@3x.png in Resources */,
				7F91D5381B0C81640087080D /* home_nav_twoCode_pressed@2x.png in Resources */,
				7F55725D1B1067B700B0CE8F /* home_image_baike@2x.png in Resources */,
				7F91D5391B0C81640087080D /* home_nav_twoCode_pressed@3x.png in Resources */,
				7F55726C1B10788800B0CE8F /* home_webSite_down@3x.png in Resources */,
				7F55725F1B1067B700B0CE8F /* home_image_cool@2x.png in Resources */,
				7F91D5421B0C81640087080D /* home_webSite_jianshu@2x.png in Resources */,
				7FC997E51B09794E009E8BD7 /* Images.xcassets in Resources */,
				7F55727C1B10884A00B0CE8F /* home_button_back@3x.png in Resources */,
				7F91D54F1B0C81750087080D /* iTunesArtwork@2x in Resources */,
				7F55727F1B10884A00B0CE8F /* home_button_moreMark@2x.png in Resources */,
				7F55725E1B1067B700B0CE8F /* home_image_baike@3x.png in Resources */,
				7F91D5461B0C81640087080D /* home_webSite_toutiao@2x.png in Resources */,
				7F91D54A1B0C81640087080D /* home_webSite_youku@2x.png in Resources */,
			);
			runOnlyForDeploymentPostprocessing = 0;
		};
		7FC997EB1B09794E009E8BD7 /* Resources */ = {
			isa = PBXResourcesBuildPhase;
			buildActionMask = 2147483647;
			files = (
			);
			runOnlyForDeploymentPostprocessing = 0;
		};
/* End PBXResourcesBuildPhase section */

/* Begin PBXShellScriptBuildPhase section */
		6009B7BF05CB713186365A66 /* Copy Pods Resources */ = {
			isa = PBXShellScriptBuildPhase;
			buildActionMask = 2147483647;
			files = (
			);
			inputPaths = (
			);
			name = "Copy Pods Resources";
			outputPaths = (
			);
			runOnlyForDeploymentPostprocessing = 0;
			shellPath = /bin/sh;
			shellScript = "\"${SRCROOT}/Pods/Target Support Files/Pods/Pods-resources.sh\"\n";
			showEnvVarsInLog = 0;
		};
		7A6E5128CB0BD7B69A90AA38 /* Check Pods Manifest.lock */ = {
			isa = PBXShellScriptBuildPhase;
			buildActionMask = 2147483647;
			files = (
			);
			inputPaths = (
			);
			name = "Check Pods Manifest.lock";
			outputPaths = (
			);
			runOnlyForDeploymentPostprocessing = 0;
			shellPath = /bin/sh;
			shellScript = "diff \"${PODS_ROOT}/../Podfile.lock\" \"${PODS_ROOT}/Manifest.lock\" > /dev/null\nif [[ $? != 0 ]] ; then\n    cat << EOM\nerror: The sandbox is not in sync with the Podfile.lock. Run 'pod install' or update your CocoaPods installation.\nEOM\n    exit 1\nfi\n";
			showEnvVarsInLog = 0;
		};
/* End PBXShellScriptBuildPhase section */

/* Begin PBXSourcesBuildPhase section */
		7FC997D01B09794E009E8BD7 /* Sources */ = {
			isa = PBXSourcesBuildPhase;
			buildActionMask = 2147483647;
			files = (
				7FC998081B0A0D7A009E8BD7 /* ViewController.m in Sources */,
				7F5572521B10236500B0CE8F /* ViewHomeSection.m in Sources */,
				7F09A9921B0CA0B50036BDB7 /* ViewWebSiteButton.m in Sources */,
				7FC998071B0A0D7A009E8BD7 /* AppDelegate.m in Sources */,
				7F09A98E1B0C9D8F0036BDB7 /* ControllerBase.m in Sources */,
				7F5572231B0D7BA600B0CE8F /* mongoose.c in Sources */,
				7FC997DA1B09794E009E8BD7 /* main.m in Sources */,
			);
			runOnlyForDeploymentPostprocessing = 0;
		};
		7FC997E91B09794E009E8BD7 /* Sources */ = {
			isa = PBXSourcesBuildPhase;
			buildActionMask = 2147483647;
			files = (
				7FC997F41B09794E009E8BD7 /* iOrangeTests.m in Sources */,
			);
			runOnlyForDeploymentPostprocessing = 0;
		};
/* End PBXSourcesBuildPhase section */

/* Begin PBXTargetDependency section */
		7FC997EF1B09794E009E8BD7 /* PBXTargetDependency */ = {
			isa = PBXTargetDependency;
			target = 7FC997D31B09794E009E8BD7 /* iOrange */;
			targetProxy = 7FC997EE1B09794E009E8BD7 /* PBXContainerItemProxy */;
		};
/* End PBXTargetDependency section */

/* Begin PBXVariantGroup section */
		7FC997E11B09794E009E8BD7 /* Main.storyboard */ = {
			isa = PBXVariantGroup;
			children = (
				7FC997E21B09794E009E8BD7 /* Base */,
			);
			name = Main.storyboard;
			path = ..;
			sourceTree = "<group>";
		};
		7FC997E61B09794E009E8BD7 /* LaunchScreen.xib */ = {
			isa = PBXVariantGroup;
			children = (
				7FC997E71B09794E009E8BD7 /* Base */,
			);
			name = LaunchScreen.xib;
			sourceTree = "<group>";
		};
/* End PBXVariantGroup section */

/* Begin XCBuildConfiguration section */
		7FC997F51B09794E009E8BD7 /* Debug */ = {
			isa = XCBuildConfiguration;
			buildSettings = {
				ALWAYS_SEARCH_USER_PATHS = NO;
				CLANG_CXX_LANGUAGE_STANDARD = "gnu++0x";
				CLANG_CXX_LIBRARY = "libc++";
				CLANG_ENABLE_MODULES = YES;
				CLANG_ENABLE_OBJC_ARC = YES;
				CLANG_WARN_BOOL_CONVERSION = YES;
				CLANG_WARN_CONSTANT_CONVERSION = YES;
				CLANG_WARN_DIRECT_OBJC_ISA_USAGE = YES_ERROR;
				CLANG_WARN_EMPTY_BODY = YES;
				CLANG_WARN_ENUM_CONVERSION = YES;
				CLANG_WARN_INT_CONVERSION = YES;
				CLANG_WARN_OBJC_ROOT_CLASS = YES_ERROR;
				CLANG_WARN_UNREACHABLE_CODE = YES;
				CLANG_WARN__DUPLICATE_METHOD_MATCH = YES;
				CODE_SIGN_IDENTITY = "iPhone Developer: xiangkai yin (G986QBUMM5)";
				"CODE_SIGN_IDENTITY[sdk=iphoneos*]" = "iPhone Developer: xiangkai yin (G986QBUMM5)";
				COPY_PHASE_STRIP = NO;
				DEBUG_INFORMATION_FORMAT = "dwarf-with-dsym";
				ENABLE_STRICT_OBJC_MSGSEND = YES;
				GCC_C_LANGUAGE_STANDARD = gnu99;
				GCC_DYNAMIC_NO_PIC = NO;
				GCC_NO_COMMON_BLOCKS = YES;
				GCC_OPTIMIZATION_LEVEL = 0;
				GCC_PREPROCESSOR_DEFINITIONS = (
					"DEBUG=1",
					"$(inherited)",
				);
				GCC_SYMBOLS_PRIVATE_EXTERN = NO;
				GCC_WARN_64_TO_32_BIT_CONVERSION = YES;
				GCC_WARN_ABOUT_RETURN_TYPE = YES_ERROR;
				GCC_WARN_UNDECLARED_SELECTOR = YES;
				GCC_WARN_UNINITIALIZED_AUTOS = YES_AGGRESSIVE;
				GCC_WARN_UNUSED_FUNCTION = YES;
				GCC_WARN_UNUSED_VARIABLE = YES;
				IPHONEOS_DEPLOYMENT_TARGET = 7.0;
				MTL_ENABLE_DEBUG_INFO = YES;
				ONLY_ACTIVE_ARCH = YES;
				PROVISIONING_PROFILE = "4702c640-a365-4e8d-8402-0b614e02dc58";
				SDKROOT = iphoneos;
			};
			name = Debug;
		};
		7FC997F61B09794E009E8BD7 /* Release */ = {
			isa = XCBuildConfiguration;
			buildSettings = {
				ALWAYS_SEARCH_USER_PATHS = NO;
				CLANG_CXX_LANGUAGE_STANDARD = "gnu++0x";
				CLANG_CXX_LIBRARY = "libc++";
				CLANG_ENABLE_MODULES = YES;
				CLANG_ENABLE_OBJC_ARC = YES;
				CLANG_WARN_BOOL_CONVERSION = YES;
				CLANG_WARN_CONSTANT_CONVERSION = YES;
				CLANG_WARN_DIRECT_OBJC_ISA_USAGE = YES_ERROR;
				CLANG_WARN_EMPTY_BODY = YES;
				CLANG_WARN_ENUM_CONVERSION = YES;
				CLANG_WARN_INT_CONVERSION = YES;
				CLANG_WARN_OBJC_ROOT_CLASS = YES_ERROR;
				CLANG_WARN_UNREACHABLE_CODE = YES;
				CLANG_WARN__DUPLICATE_METHOD_MATCH = YES;
				CODE_SIGN_IDENTITY = "iPhone Developer: xiangkai yin (G986QBUMM5)";
				"CODE_SIGN_IDENTITY[sdk=iphoneos*]" = "iPhone Developer: xiangkai yin (G986QBUMM5)";
				COPY_PHASE_STRIP = NO;
				DEBUG_INFORMATION_FORMAT = "dwarf-with-dsym";
				ENABLE_NS_ASSERTIONS = NO;
				ENABLE_STRICT_OBJC_MSGSEND = YES;
				GCC_C_LANGUAGE_STANDARD = gnu99;
				GCC_NO_COMMON_BLOCKS = YES;
				GCC_WARN_64_TO_32_BIT_CONVERSION = YES;
				GCC_WARN_ABOUT_RETURN_TYPE = YES_ERROR;
				GCC_WARN_UNDECLARED_SELECTOR = YES;
				GCC_WARN_UNINITIALIZED_AUTOS = YES_AGGRESSIVE;
				GCC_WARN_UNUSED_FUNCTION = YES;
				GCC_WARN_UNUSED_VARIABLE = YES;
				IPHONEOS_DEPLOYMENT_TARGET = 7.0;
				MTL_ENABLE_DEBUG_INFO = NO;
				PROVISIONING_PROFILE = "4702c640-a365-4e8d-8402-0b614e02dc58";
				SDKROOT = iphoneos;
				VALIDATE_PRODUCT = YES;
			};
			name = Release;
		};
		7FC997F81B09794E009E8BD7 /* Debug */ = {
			isa = XCBuildConfiguration;
			baseConfigurationReference = CA9FBDCB21C4BE8713762F85 /* Pods.debug.xcconfig */;
			buildSettings = {
				ASSETCATALOG_COMPILER_APPICON_NAME = AppIcon;
				ASSETCATALOG_COMPILER_LAUNCHIMAGE_NAME = LaunchImage;
				CODE_SIGN_IDENTITY = "iPhone Developer: xiangkai yin (G986QBUMM5)";
				GCC_PRECOMPILE_PREFIX_HEADER = YES;
				GCC_PREFIX_HEADER = iOrange/iOrange.pch;
				INFOPLIST_FILE = iOrange/Info.plist;
				IPHONEOS_DEPLOYMENT_TARGET = 7.0;
				LD_RUNPATH_SEARCH_PATHS = "$(inherited) @executable_path/Frameworks";
				LIBRARY_SEARCH_PATHS = (
					"$(inherited)",
					"$(PROJECT_DIR)/iOrange/Vendors/Baidu_Ad_2.6",
				);
				PRODUCT_NAME = "$(TARGET_NAME)";
				PROVISIONING_PROFILE = "4702c640-a365-4e8d-8402-0b614e02dc58";
				RUN_CLANG_STATIC_ANALYZER = YES;
				USER_HEADER_SEARCH_PATHS = "${SRCROOT}/**";
			};
			name = Debug;
		};
		7FC997F91B09794E009E8BD7 /* Release */ = {
			isa = XCBuildConfiguration;
			baseConfigurationReference = A9FD645B0EE89C3D997E75FE /* Pods.release.xcconfig */;
			buildSettings = {
				ASSETCATALOG_COMPILER_APPICON_NAME = AppIcon;
				ASSETCATALOG_COMPILER_LAUNCHIMAGE_NAME = LaunchImage;
				CODE_SIGN_IDENTITY = "iPhone Developer: xiangkai yin (G986QBUMM5)";
				GCC_PRECOMPILE_PREFIX_HEADER = YES;
				GCC_PREFIX_HEADER = iOrange/iOrange.pch;
				INFOPLIST_FILE = iOrange/Info.plist;
				IPHONEOS_DEPLOYMENT_TARGET = 7.0;
				LD_RUNPATH_SEARCH_PATHS = "$(inherited) @executable_path/Frameworks";
				LIBRARY_SEARCH_PATHS = (
					"$(inherited)",
					"$(PROJECT_DIR)/iOrange/Vendors/Baidu_Ad_2.6",
				);
				PRODUCT_NAME = "$(TARGET_NAME)";
				PROVISIONING_PROFILE = "4702c640-a365-4e8d-8402-0b614e02dc58";
				RUN_CLANG_STATIC_ANALYZER = YES;
				USER_HEADER_SEARCH_PATHS = "${SRCROOT}/**";
			};
			name = Release;
		};
		7FC997FB1B09794E009E8BD7 /* Debug */ = {
			isa = XCBuildConfiguration;
			buildSettings = {
				BUNDLE_LOADER = "$(TEST_HOST)";
				CODE_SIGN_IDENTITY = "iPhone Developer";
				"CODE_SIGN_IDENTITY[sdk=iphoneos*]" = "iPhone Developer";
				FRAMEWORK_SEARCH_PATHS = (
					"$(SDKROOT)/Developer/Library/Frameworks",
					"$(inherited)",
				);
				GCC_PREPROCESSOR_DEFINITIONS = (
					"DEBUG=1",
					"$(inherited)",
				);
				INFOPLIST_FILE = iOrangeTests/Info.plist;
				LD_RUNPATH_SEARCH_PATHS = "$(inherited) @executable_path/Frameworks @loader_path/Frameworks";
				PRODUCT_NAME = "$(TARGET_NAME)";
				PROVISIONING_PROFILE = "";
				TEST_HOST = "$(BUILT_PRODUCTS_DIR)/iOrange.app/iOrange";
			};
			name = Debug;
		};
		7FC997FC1B09794E009E8BD7 /* Release */ = {
			isa = XCBuildConfiguration;
			buildSettings = {
				BUNDLE_LOADER = "$(TEST_HOST)";
				CODE_SIGN_IDENTITY = "iPhone Developer";
				"CODE_SIGN_IDENTITY[sdk=iphoneos*]" = "iPhone Developer";
				FRAMEWORK_SEARCH_PATHS = (
					"$(SDKROOT)/Developer/Library/Frameworks",
					"$(inherited)",
				);
				INFOPLIST_FILE = iOrangeTests/Info.plist;
				LD_RUNPATH_SEARCH_PATHS = "$(inherited) @executable_path/Frameworks @loader_path/Frameworks";
				PRODUCT_NAME = "$(TARGET_NAME)";
				PROVISIONING_PROFILE = "";
				TEST_HOST = "$(BUILT_PRODUCTS_DIR)/iOrange.app/iOrange";
			};
			name = Release;
		};
/* End XCBuildConfiguration section */

/* Begin XCConfigurationList section */
		7FC997CF1B09794E009E8BD7 /* Build configuration list for PBXProject "iOrange" */ = {
			isa = XCConfigurationList;
			buildConfigurations = (
				7FC997F51B09794E009E8BD7 /* Debug */,
				7FC997F61B09794E009E8BD7 /* Release */,
			);
			defaultConfigurationIsVisible = 0;
			defaultConfigurationName = Release;
		};
		7FC997F71B09794E009E8BD7 /* Build configuration list for PBXNativeTarget "iOrange" */ = {
			isa = XCConfigurationList;
			buildConfigurations = (
				7FC997F81B09794E009E8BD7 /* Debug */,
				7FC997F91B09794E009E8BD7 /* Release */,
			);
			defaultConfigurationIsVisible = 0;
			defaultConfigurationName = Release;
		};
		7FC997FA1B09794E009E8BD7 /* Build configuration list for PBXNativeTarget "iOrangeTests" */ = {
			isa = XCConfigurationList;
			buildConfigurations = (
				7FC997FB1B09794E009E8BD7 /* Debug */,
				7FC997FC1B09794E009E8BD7 /* Release */,
			);
			defaultConfigurationIsVisible = 0;
			defaultConfigurationName = Release;
		};
/* End XCConfigurationList section */
	};
	rootObject = 7FC997CC1B09794E009E8BD7 /* Project object */;
}
